
Microsoft Visual Studio Solution File, Format Version 11.00
# Visual Studio 2010
Project("{8BC9CEB9-8B4A-11D0-8D11-00A0C91BC942}") = "ES2", "ES2.dll", "{9CDAA740-D298-48B1-8B04-E4B5D2C001AD}"
	ProjectSection(MonoDevelopProperties) = preProject
		name = ES2
		Configurations = $0
		$0.Configuration = $1
		$1.name = Default
		$1.OutputPath = .\
		$1.ctype = ProjectConfiguration
	EndProjectSection
EndProject
Global
	GlobalSection(SolutionConfigurationPlatforms) = preSolution
		Default|Any CPU = Default|Any CPU
	EndGlobalSection
	GlobalSection(ProjectConfigurationPlatforms) = postSolution
		{9CDAA740-D298-48B1-8B04-E4B5D2C001AD}.Default|Any CPU.ActiveCfg = Default|Any CPU
		{9CDAA740-D298-48B1-8B04-E4B5D2C001AD}.Default|Any CPU.Build.0 = Default|Any CPU
	EndGlobalSection
	GlobalSection(MonoDevelopProperties) = preSolution
		StartupItem = ES2.dll
	EndGlobalSection
EndGlobal
